
Microsoft Visual Studio Solution File, Format Version 12.00
# Visual Studio Version 17
VisualStudioVersion = 17.5.33414.496
MinimumVisualStudioVersion = 10.0.40219.1
Project("{9A19103F-16F7-4668-BE54-9A1E7A4F7556}") = "BlazorErrors", "BlazorErrors\BlazorErrors.csproj", "{AE2E399A-5396-4144-9D78-FDB1E356D1D8}"
EndProject
Global
	GlobalSection(SolutionConfigurationPlatforms) = preSolution
		Debug|Any CPU = Debug|Any CPU
		Release|Any CPU = Release|Any CPU
	EndGlobalSection
	GlobalSection(ProjectConfigurationPlatforms) = postSolution
		{AE2E399A-5396-4144-9D78-FDB1E356D1D8}.Debug|Any CPU.ActiveCfg = Debug|Any CPU
		{AE2E399A-5396-4144-9D78-FDB1E356D1D8}.Debug|Any CPU.Build.0 = Debug|Any CPU
		{AE2E399A-5396-4144-9D78-FDB1E356D1D8}.Release|Any CPU.ActiveCfg = Release|Any CPU
		{AE2E399A-5396-4144-9D78-FDB1E356D1D8}.Release|Any CPU.Build.0 = Release|Any CPU
	EndGlobalSection
	GlobalSection(SolutionProperties) = preSolution
		HideSolutionNode = FALSE
	EndGlobalSection
	GlobalSection(ExtensibilityGlobals) = postSolution
		SolutionGuid = {751C4180-0791-42F4-BD8D-9949FCBA321A}
	EndGlobalSection
EndGlobal
